
Microsoft Visual Studio Solution File, Format Version 12.00
# Visual Studio Version 16
VisualStudioVersion = 16.0.29025.244
MinimumVisualStudioVersion = 10.0.40219.1
Project("{FAE04EC0-301F-11D3-BF4B-00C04F79EFBC}") = "SS.Marcelo.DevTest.Domain", "SS.Marcelo.DevTest.Domain\SS.Marcelo.DevTest.Domain.csproj", "{B6A8D318-C4DA-437F-901E-53A87A67268D}"
EndProject
Project("{FAE04EC0-301F-11D3-BF4B-00C04F79EFBC}") = "SS.Marcelo.DevTest.WebApi", "SS.Marcelo.DevTest.WebApi\SS.Marcelo.DevTest.WebApi.csproj", "{1F35C357-4572-48EE-85AB-BE3EB379F52B}"
EndProject
Project("{FAE04EC0-301F-11D3-BF4B-00C04F79EFBC}") = "SS.Marcelo.DevTest.Infra", "SS.Marcelo.DevTest.Infra\SS.Marcelo.DevTest.Infra.csproj", "{C81C3E5F-641C-48F6-A412-9275296F7A48}"
EndProject
Global
	GlobalSection(SolutionConfigurationPlatforms) = preSolution
		Debug|Any CPU = Debug|Any CPU
		Release|Any CPU = Release|Any CPU
	EndGlobalSection
	GlobalSection(ProjectConfigurationPlatforms) = postSolution
		{B6A8D318-C4DA-437F-901E-53A87A67268D}.Debug|Any CPU.ActiveCfg = Debug|Any CPU
		{B6A8D318-C4DA-437F-901E-53A87A67268D}.Debug|Any CPU.Build.0 = Debug|Any CPU
		{B6A8D318-C4DA-437F-901E-53A87A67268D}.Release|Any CPU.ActiveCfg = Release|Any CPU
		{B6A8D318-C4DA-437F-901E-53A87A67268D}.Release|Any CPU.Build.0 = Release|Any CPU
		{1F35C357-4572-48EE-85AB-BE3EB379F52B}.Debug|Any CPU.ActiveCfg = Debug|Any CPU
		{1F35C357-4572-48EE-85AB-BE3EB379F52B}.Debug|Any CPU.Build.0 = Debug|Any CPU
		{1F35C357-4572-48EE-85AB-BE3EB379F52B}.Release|Any CPU.ActiveCfg = Release|Any CPU
		{1F35C357-4572-48EE-85AB-BE3EB379F52B}.Release|Any CPU.Build.0 = Release|Any CPU
		{C81C3E5F-641C-48F6-A412-9275296F7A48}.Debug|Any CPU.ActiveCfg = Debug|Any CPU
		{C81C3E5F-641C-48F6-A412-9275296F7A48}.Debug|Any CPU.Build.0 = Debug|Any CPU
		{C81C3E5F-641C-48F6-A412-9275296F7A48}.Release|Any CPU.ActiveCfg = Release|Any CPU
		{C81C3E5F-641C-48F6-A412-9275296F7A48}.Release|Any CPU.Build.0 = Release|Any CPU
	EndGlobalSection
	GlobalSection(SolutionProperties) = preSolution
		HideSolutionNode = FALSE
	EndGlobalSection
	GlobalSection(ExtensibilityGlobals) = postSolution
		SolutionGuid = {0FAE1596-84CF-4A8C-A9B8-5C7B712659E3}
	EndGlobalSection
EndGlobal
